
Microsoft Visual Studio Solution File, Format Version 12.00
# Visual Studio Version 16
VisualStudioVersion = 16.0.30804.86
MinimumVisualStudioVersion = 10.0.40219.1
Project("{9A19103F-16F7-4668-BE54-9A1E7A4F7556}") = "ya ebal v rot etot asp", "ya ebal v rot etot asp\ya ebal v rot etot asp.csproj", "{28FC7E20-BAC1-43E9-9126-AA77A0A38866}"
EndProject
Global
	GlobalSection(SolutionConfigurationPlatforms) = preSolution
		Debug|Any CPU = Debug|Any CPU
		Release|Any CPU = Release|Any CPU
	EndGlobalSection
	GlobalSection(ProjectConfigurationPlatforms) = postSolution
		{28FC7E20-BAC1-43E9-9126-AA77A0A38866}.Debug|Any CPU.ActiveCfg = Debug|Any CPU
		{28FC7E20-BAC1-43E9-9126-AA77A0A38866}.Debug|Any CPU.Build.0 = Debug|Any CPU
		{28FC7E20-BAC1-43E9-9126-AA77A0A38866}.Release|Any CPU.ActiveCfg = Release|Any CPU
		{28FC7E20-BAC1-43E9-9126-AA77A0A38866}.Release|Any CPU.Build.0 = Release|Any CPU
	EndGlobalSection
	GlobalSection(SolutionProperties) = preSolution
		HideSolutionNode = FALSE
	EndGlobalSection
	GlobalSection(ExtensibilityGlobals) = postSolution
		SolutionGuid = {1131A427-8242-4D96-A2E2-1E436FEF0202}
	EndGlobalSection
EndGlobal
